// !$*UTF8*$!
{
	archiveVersion = 1;
	classes = {
	};
	objectVersion = 50;
	objects = {

/* Begin PBXBuildFile section */
		BA805E842672493B00CF2CC2 /* AppDelegate.swift in Sources */ = {isa = PBXBuildFile; fileRef = BA805E832672493B00CF2CC2 /* AppDelegate.swift */; };
		BA805E882672493B00CF2CC2 /* ViewController.swift in Sources */ = {isa = PBXBuildFile; fileRef = BA805E872672493B00CF2CC2 /* ViewController.swift */; };
		BA805E8E2672493B00CF2CC2 /* ViewControllerDesign.xcdatamodeld in Sources */ = {isa = PBXBuildFile; fileRef = BA805E8C2672493B00CF2CC2 /* ViewControllerDesign.xcdatamodeld */; };
		BA805E902672493E00CF2CC2 /* Assets.xcassets in Resources */ = {isa = PBXBuildFile; fileRef = BA805E8F2672493E00CF2CC2 /* Assets.xcassets */; };
		BA805E932672493E00CF2CC2 /* LaunchScreen.storyboard in Resources */ = {isa = PBXBuildFile; fileRef = BA805E912672493E00CF2CC2 /* LaunchScreen.storyboard */; };
		BA805E9C26724D8700CF2CC2 /* TestViewController.swift in Sources */ = {isa = PBXBuildFile; fileRef = BA805E9B26724D8700CF2CC2 /* TestViewController.swift */; };
		BA805EA326725F6F00CF2CC2 /* ViewContent.swift in Sources */ = {isa = PBXBuildFile; fileRef = BA805EA226725F6F00CF2CC2 /* ViewContent.swift */; };
		BA805EA626725F8800CF2CC2 /* ViewModel.swift in Sources */ = {isa = PBXBuildFile; fileRef = BA805EA526725F8800CF2CC2 /* ViewModel.swift */; };
		BA805EA926725FA200CF2CC2 /* View.swift in Sources */ = {isa = PBXBuildFile; fileRef = BA805EA826725FA200CF2CC2 /* View.swift */; };
		BACC292B2677321200F5EC53 /* TestContentView.swift in Sources */ = {isa = PBXBuildFile; fileRef = BACC292A2677321200F5EC53 /* TestContentView.swift */; };
		BACC292E2677322D00F5EC53 /* TestViewModel.swift in Sources */ = {isa = PBXBuildFile; fileRef = BACC292D2677322D00F5EC53 /* TestViewModel.swift */; };
/* End PBXBuildFile section */

/* Begin PBXFileReference section */
		BA805E802672493B00CF2CC2 /* ViewControllerDesign.app */ = {isa = PBXFileReference; explicitFileType = wrapper.application; includeInIndex = 0; path = ViewControllerDesign.app; sourceTree = BUILT_PRODUCTS_DIR; };
		BA805E832672493B00CF2CC2 /* AppDelegate.swift */ = {isa = PBXFileReference; lastKnownFileType = sourcecode.swift; path = AppDelegate.swift; sourceTree = "<group>"; };
		BA805E872672493B00CF2CC2 /* ViewController.swift */ = {isa = PBXFileReference; lastKnownFileType = sourcecode.swift; path = ViewController.swift; sourceTree = "<group>"; };
		BA805E8D2672493B00CF2CC2 /* ViewControllerDesign.xcdatamodel */ = {isa = PBXFileReference; lastKnownFileType = wrapper.xcdatamodel; path = ViewControllerDesign.xcdatamodel; sourceTree = "<group>"; };
		BA805E8F2672493E00CF2CC2 /* Assets.xcassets */ = {isa = PBXFileReference; lastKnownFileType = folder.assetcatalog; path = Assets.xcassets; sourceTree = "<group>"; };
		BA805E922672493E00CF2CC2 /* Base */ = {isa = PBXFileReference; lastKnownFileType = file.storyboard; name = Base; path = Base.lproj/LaunchScreen.storyboard; sourceTree = "<group>"; };
		BA805E942672493E00CF2CC2 /* Info.plist */ = {isa = PBXFileReference; lastKnownFileType = text.plist.xml; path = Info.plist; sourceTree = "<group>"; };
		BA805E9B26724D8700CF2CC2 /* TestViewController.swift */ = {isa = PBXFileReference; lastKnownFileType = sourcecode.swift; path = TestViewController.swift; sourceTree = "<group>"; };
		BA805EA226725F6F00CF2CC2 /* ViewContent.swift */ = {isa = PBXFileReference; lastKnownFileType = sourcecode.swift; path = ViewContent.swift; sourceTree = "<group>"; };
		BA805EA526725F8800CF2CC2 /* ViewModel.swift */ = {isa = PBXFileReference; lastKnownFileType = sourcecode.swift; path = ViewModel.swift; sourceTree = "<group>"; };
		BA805EA826725FA200CF2CC2 /* View.swift */ = {isa = PBXFileReference; lastKnownFileType = sourcecode.swift; path = View.swift; sourceTree = "<group>"; };
		BACC292A2677321200F5EC53 /* TestContentView.swift */ = {isa = PBXFileReference; lastKnownFileType = sourcecode.swift; path = TestContentView.swift; sourceTree = "<group>"; };
		BACC292D2677322D00F5EC53 /* TestViewModel.swift */ = {isa = PBXFileReference; lastKnownFileType = sourcecode.swift; path = TestViewModel.swift; sourceTree = "<group>"; };
/* End PBXFileReference section */

/* Begin PBXFrameworksBuildPhase section */
		BA805E7D2672493B00CF2CC2 /* Frameworks */ = {
			isa = PBXFrameworksBuildPhase;
			buildActionMask = 2147483647;
			files = (
			);
			runOnlyForDeploymentPostprocessing = 0;
		};
/* End PBXFrameworksBuildPhase section */

/* Begin PBXGroup section */
		BA805E772672493B00CF2CC2 = {
			isa = PBXGroup;
			children = (
				BA805E822672493B00CF2CC2 /* ViewControllerDesign */,
				BA805E812672493B00CF2CC2 /* Products */,
			);
			sourceTree = "<group>";
		};
		BA805E812672493B00CF2CC2 /* Products */ = {
			isa = PBXGroup;
			children = (
				BA805E802672493B00CF2CC2 /* ViewControllerDesign.app */,
			);
			name = Products;
			sourceTree = "<group>";
		};
		BA805E822672493B00CF2CC2 /* ViewControllerDesign */ = {
			isa = PBXGroup;
			children = (
				BA805EAB26725FC100CF2CC2 /* Design */,
				BA805E832672493B00CF2CC2 /* AppDelegate.swift */,
				BACC2928267731FF00F5EC53 /* TestModule */,
				BA805E8F2672493E00CF2CC2 /* Assets.xcassets */,
				BA805E912672493E00CF2CC2 /* LaunchScreen.storyboard */,
				BA805E942672493E00CF2CC2 /* Info.plist */,
				BA805E8C2672493B00CF2CC2 /* ViewControllerDesign.xcdatamodeld */,
			);
			path = ViewControllerDesign;
			sourceTree = "<group>";
		};
		BA805EAB26725FC100CF2CC2 /* Design */ = {
			isa = PBXGroup;
			children = (
				BA805E872672493B00CF2CC2 /* ViewController.swift */,
				BA805EA826725FA200CF2CC2 /* View.swift */,
				BA805EA226725F6F00CF2CC2 /* ViewContent.swift */,
				BA805EA526725F8800CF2CC2 /* ViewModel.swift */,
			);
			path = Design;
			sourceTree = "<group>";
		};
		BACC2928267731FF00F5EC53 /* TestModule */ = {
			isa = PBXGroup;
			children = (
				BA805E9B26724D8700CF2CC2 /* TestViewController.swift */,
				BACC292A2677321200F5EC53 /* TestContentView.swift */,
				BACC292D2677322D00F5EC53 /* TestViewModel.swift */,
			);
			path = TestModule;
			sourceTree = "<group>";
		};
/* End PBXGroup section */

/* Begin PBXNativeTarget section */
		BA805E7F2672493B00CF2CC2 /* ViewControllerDesign */ = {
			isa = PBXNativeTarget;
			buildConfigurationList = BA805E972672493F00CF2CC2 /* Build configuration list for PBXNativeTarget "ViewControllerDesign" */;
			buildPhases = (
				BA805E7C2672493B00CF2CC2 /* Sources */,
				BA805E7D2672493B00CF2CC2 /* Frameworks */,
				BA805E7E2672493B00CF2CC2 /* Resources */,
			);
			buildRules = (
			);
			dependencies = (
			);
			name = ViewControllerDesign;
			productName = ViewControllerDesign;
			productReference = BA805E802672493B00CF2CC2 /* ViewControllerDesign.app */;
			productType = "com.apple.product-type.application";
		};
/* End PBXNativeTarget section */

/* Begin PBXProject section */
		BA805E782672493B00CF2CC2 /* Project object */ = {
			isa = PBXProject;
			attributes = {
				LastSwiftUpdateCheck = 1240;
				LastUpgradeCheck = 1240;
				TargetAttributes = {
					BA805E7F2672493B00CF2CC2 = {
						CreatedOnToolsVersion = 12.4;
					};
				};
			};
			buildConfigurationList = BA805E7B2672493B00CF2CC2 /* Build configuration list for PBXProject "ViewControllerDesign" */;
			compatibilityVersion = "Xcode 9.3";
			developmentRegion = en;
			hasScannedForEncodings = 0;
			knownRegions = (
				en,
				Base,
			);
			mainGroup = BA805E772672493B00CF2CC2;
			productRefGroup = BA805E812672493B00CF2CC2 /* Products */;
			projectDirPath = "";
			projectRoot = "";
			targets = (
				BA805E7F2672493B00CF2CC2 /* ViewControllerDesign */,
			);
		};
/* End PBXProject section */

/* Begin PBXResourcesBuildPhase section */
		BA805E7E2672493B00CF2CC2 /* Resources */ = {
			isa = PBXResourcesBuildPhase;
			buildActionMask = 2147483647;
			files = (
				BA805E932672493E00CF2CC2 /* LaunchScreen.storyboard in Resources */,
				BA805E902672493E00CF2CC2 /* Assets.xcassets in Resources */,
			);
			runOnlyForDeploymentPostprocessing = 0;
		};
/* End PBXResourcesBuildPhase section */

/* Begin PBXSourcesBuildPhase section */
		BA805E7C2672493B00CF2CC2 /* Sources */ = {
			isa = PBXSourcesBuildPhase;
			buildActionMask = 2147483647;
			files = (
				BA805EA326725F6F00CF2CC2 /* ViewContent.swift in Sources */,
				BA805E9C26724D8700CF2CC2 /* TestViewController.swift in Sources */,
				BA805E882672493B00CF2CC2 /* ViewController.swift in Sources */,
				BACC292E2677322D00F5EC53 /* TestViewModel.swift in Sources */,
				BA805E842672493B00CF2CC2 /* AppDelegate.swift in Sources */,
				BA805EA626725F8800CF2CC2 /* ViewModel.swift in Sources */,
				BA805EA926725FA200CF2CC2 /* View.swift in Sources */,
				BACC292B2677321200F5EC53 /* TestContentView.swift in Sources */,
				BA805E8E2672493B00CF2CC2 /* ViewControllerDesign.xcdatamodeld in Sources */,
			);
			runOnlyForDeploymentPostprocessing = 0;
		};
/* End PBXSourcesBuildPhase section */

/* Begin PBXVariantGroup section */
		BA805E912672493E00CF2CC2 /* LaunchScreen.storyboard */ = {
			isa = PBXVariantGroup;
			children = (
				BA805E922672493E00CF2CC2 /* Base */,
			);
			name = LaunchScreen.storyboard;
			sourceTree = "<group>";
		};
/* End PBXVariantGroup section */

/* Begin XCBuildConfiguration section */
		BA805E952672493F00CF2CC2 /* Debug */ = {
			isa = XCBuildConfiguration;
			buildSettings = {
				ALWAYS_SEARCH_USER_PATHS = NO;
				CLANG_ANALYZER_NONNULL = YES;
				CLANG_ANALYZER_NUMBER_OBJECT_CONVERSION = YES_AGGRESSIVE;
				CLANG_CXX_LANGUAGE_STANDARD = "gnu++14";
				CLANG_CXX_LIBRARY = "libc++";
				CLANG_ENABLE_MODULES = YES;
				CLANG_ENABLE_OBJC_ARC = YES;
				CLANG_ENABLE_OBJC_WEAK = YES;
				CLANG_WARN_BLOCK_CAPTURE_AUTORELEASING = YES;
				CLANG_WARN_BOOL_CONVERSION = YES;
				CLANG_WARN_COMMA = YES;
				CLANG_WARN_CONSTANT_CONVERSION = YES;
				CLANG_WARN_DEPRECATED_OBJC_IMPLEMENTATIONS = YES;
				CLANG_WARN_DIRECT_OBJC_ISA_USAGE = YES_ERROR;
				CLANG_WARN_DOCUMENTATION_COMMENTS = YES;
				CLANG_WARN_EMPTY_BODY = YES;
				CLANG_WARN_ENUM_CONVERSION = YES;
				CLANG_WARN_INFINITE_RECURSION = YES;
				CLANG_WARN_INT_CONVERSION = YES;
				CLANG_WARN_NON_LITERAL_NULL_CONVERSION = YES;
				CLANG_WARN_OBJC_IMPLICIT_RETAIN_SELF = YES;
				CLANG_WARN_OBJC_LITERAL_CONVERSION = YES;
				CLANG_WARN_OBJC_ROOT_CLASS = YES_ERROR;
				CLANG_WARN_QUOTED_INCLUDE_IN_FRAMEWORK_HEADER = YES;
				CLANG_WARN_RANGE_LOOP_ANALYSIS = YES;
				CLANG_WARN_STRICT_PROTOTYPES = YES;
				CLANG_WARN_SUSPICIOUS_MOVE = YES;
				CLANG_WARN_UNGUARDED_AVAILABILITY = YES_AGGRESSIVE;
				CLANG_WARN_UNREACHABLE_CODE = YES;
				CLANG_WARN__DUPLICATE_METHOD_MATCH = YES;
				COPY_PHASE_STRIP = NO;
				DEBUG_INFORMATION_FORMAT = dwarf;
				ENABLE_STRICT_OBJC_MSGSEND = YES;
				ENABLE_TESTABILITY = YES;
				GCC_C_LANGUAGE_STANDARD = gnu11;
				GCC_DYNAMIC_NO_PIC = NO;
				GCC_NO_COMMON_BLOCKS = YES;
				GCC_OPTIMIZATION_LEVEL = 0;
				GCC_PREPROCESSOR_DEFINITIONS = (
					"DEBUG=1",
					"$(inherited)",
				);
				GCC_WARN_64_TO_32_BIT_CONVERSION = YES;
				GCC_WARN_ABOUT_RETURN_TYPE = YES_ERROR;
				GCC_WARN_UNDECLARED_SELECTOR = YES;
				GCC_WARN_UNINITIALIZED_AUTOS = YES_AGGRESSIVE;
				GCC_WARN_UNUSED_FUNCTION = YES;
				GCC_WARN_UNUSED_VARIABLE = YES;
				IPHONEOS_DEPLOYMENT_TARGET = 14.4;
				MTL_ENABLE_DEBUG_INFO = INCLUDE_SOURCE;
				MTL_FAST_MATH = YES;
				ONLY_ACTIVE_ARCH = YES;
				SDKROOT = iphoneos;
				SWIFT_ACTIVE_COMPILATION_CONDITIONS = DEBUG;
				SWIFT_OPTIMIZATION_LEVEL = "-Onone";
			};
			name = Debug;
		};
		BA805E962672493F00CF2CC2 /* Release */ = {
			isa = XCBuildConfiguration;
			buildSettings = {
				ALWAYS_SEARCH_USER_PATHS = NO;
				CLANG_ANALYZER_NONNULL = YES;
				CLANG_ANALYZER_NUMBER_OBJECT_CONVERSION = YES_AGGRESSIVE;
				CLANG_CXX_LANGUAGE_STANDARD = "gnu++14";
				CLANG_CXX_LIBRARY = "libc++";
				CLANG_ENABLE_MODULES = YES;
				CLANG_ENABLE_OBJC_ARC = YES;
				CLANG_ENABLE_OBJC_WEAK = YES;
				CLANG_WARN_BLOCK_CAPTURE_AUTORELEASING = YES;
				CLANG_WARN_BOOL_CONVERSION = YES;
				CLANG_WARN_COMMA = YES;
				CLANG_WARN_CONSTANT_CONVERSION = YES;
				CLANG_WARN_DEPRECATED_OBJC_IMPLEMENTATIONS = YES;
				CLANG_WARN_DIRECT_OBJC_ISA_USAGE = YES_ERROR;
				CLANG_WARN_DOCUMENTATION_COMMENTS = YES;
				CLANG_WARN_EMPTY_BODY = YES;
				CLANG_WARN_ENUM_CONVERSION = YES;
				CLANG_WARN_INFINITE_RECURSION = YES;
				CLANG_WARN_INT_CONVERSION = YES;
				CLANG_WARN_NON_LITERAL_NULL_CONVERSION = YES;
				CLANG_WARN_OBJC_IMPLICIT_RETAIN_SELF = YES;
				CLANG_WARN_OBJC_LITERAL_CONVERSION = YES;
				CLANG_WARN_OBJC_ROOT_CLASS = YES_ERROR;
				CLANG_WARN_QUOTED_INCLUDE_IN_FRAMEWORK_HEADER = YES;
				CLANG_WARN_RANGE_LOOP_ANALYSIS = YES;
				CLANG_WARN_STRICT_PROTOTYPES = YES;
				CLANG_WARN_SUSPICIOUS_MOVE = YES;
				CLANG_WARN_UNGUARDED_AVAILABILITY = YES_AGGRESSIVE;
				CLANG_WARN_UNREACHABLE_CODE = YES;
				CLANG_WARN__DUPLICATE_METHOD_MATCH = YES;
				COPY_PHASE_STRIP = NO;
				DEBUG_INFORMATION_FORMAT = "dwarf-with-dsym";
				ENABLE_NS_ASSERTIONS = NO;
				ENABLE_STRICT_OBJC_MSGSEND = YES;
				GCC_C_LANGUAGE_STANDARD = gnu11;
				GCC_NO_COMMON_BLOCKS = YES;
				GCC_WARN_64_TO_32_BIT_CONVERSION = YES;
				GCC_WARN_ABOUT_RETURN_TYPE = YES_ERROR;
				GCC_WARN_UNDECLARED_SELECTOR = YES;
				GCC_WARN_UNINITIALIZED_AUTOS = YES_AGGRESSIVE;
				GCC_WARN_UNUSED_FUNCTION = YES;
				GCC_WARN_UNUSED_VARIABLE = YES;
				IPHONEOS_DEPLOYMENT_TARGET = 14.4;
				MTL_ENABLE_DEBUG_INFO = NO;
				MTL_FAST_MATH = YES;
				SDKROOT = iphoneos;
				SWIFT_COMPILATION_MODE = wholemodule;
				SWIFT_OPTIMIZATION_LEVEL = "-O";
				VALIDATE_PRODUCT = YES;
			};
			name = Release;
		};
		BA805E982672493F00CF2CC2 /* Debug */ = {
			isa = XCBuildConfiguration;
			buildSettings = {
				ASSETCATALOG_COMPILER_APPICON_NAME = AppIcon;
				ASSETCATALOG_COMPILER_GLOBAL_ACCENT_COLOR_NAME = AccentColor;
				CODE_SIGN_STYLE = Automatic;
				DEVELOPMENT_TEAM = 59BUQ64RR7;
				INFOPLIST_FILE = ViewControllerDesign/Info.plist;
				LD_RUNPATH_SEARCH_PATHS = (
					"$(inherited)",
					"@executable_path/Frameworks",
				);
				PRODUCT_BUNDLE_IDENTIFIER = eugene.ViewControllerDesign;
				PRODUCT_NAME = "$(TARGET_NAME)";
				SWIFT_VERSION = 5.0;
				TARGETED_DEVICE_FAMILY = "1,2";
			};
			name = Debug;
		};
		BA805E992672493F00CF2CC2 /* Release */ = {
			isa = XCBuildConfiguration;
			buildSettings = {
				ASSETCATALOG_COMPILER_APPICON_NAME = AppIcon;
				ASSETCATALOG_COMPILER_GLOBAL_ACCENT_COLOR_NAME = AccentColor;
				CODE_SIGN_STYLE = Automatic;
				DEVELOPMENT_TEAM = 59BUQ64RR7;
				INFOPLIST_FILE = ViewControllerDesign/Info.plist;
				LD_RUNPATH_SEARCH_PATHS = (
					"$(inherited)",
					"@executable_path/Frameworks",
				);
				PRODUCT_BUNDLE_IDENTIFIER = eugene.ViewControllerDesign;
				PRODUCT_NAME = "$(TARGET_NAME)";
				SWIFT_VERSION = 5.0;
				TARGETED_DEVICE_FAMILY = "1,2";
			};
			name = Release;
		};
/* End XCBuildConfiguration section */

/* Begin XCConfigurationList section */
		BA805E7B2672493B00CF2CC2 /* Build configuration list for PBXProject "ViewControllerDesign" */ = {
			isa = XCConfigurationList;
			buildConfigurations = (
				BA805E952672493F00CF2CC2 /* Debug */,
				BA805E962672493F00CF2CC2 /* Release */,
			);
			defaultConfigurationIsVisible = 0;
			defaultConfigurationName = Release;
		};
		BA805E972672493F00CF2CC2 /* Build configuration list for PBXNativeTarget "ViewControllerDesign" */ = {
			isa = XCConfigurationList;
			buildConfigurations = (
				BA805E982672493F00CF2CC2 /* Debug */,
				BA805E992672493F00CF2CC2 /* Release */,
			);
			defaultConfigurationIsVisible = 0;
			defaultConfigurationName = Release;
		};
/* End XCConfigurationList section */

/* Begin XCVersionGroup section */
		BA805E8C2672493B00CF2CC2 /* ViewControllerDesign.xcdatamodeld */ = {
			isa = XCVersionGroup;
			children = (
				BA805E8D2672493B00CF2CC2 /* ViewControllerDesign.xcdatamodel */,
			);
			currentVersion = BA805E8D2672493B00CF2CC2 /* ViewControllerDesign.xcdatamodel */;
			path = ViewControllerDesign.xcdatamodeld;
			sourceTree = "<group>";
			versionGroupType = wrapper.xcdatamodel;
		};
/* End XCVersionGroup section */
	};
	rootObject = BA805E782672493B00CF2CC2 /* Project object */;
}
